version: 6
environments:
  default:
    channels:
    - url: https://conda.anaconda.org/conda-forge/
    indexes:
    - https://pypi.org/simple
    packages:
      osx-arm64:
      - conda: https://conda.anaconda.org/conda-forge/osx-arm64/bzip2-1.0.8-h99b78c6_7.conda
      - conda: https://conda.anaconda.org/conda-forge/noarch/ca-certificates-2025.6.15-hbd8a1cb_0.conda
      - conda: https://conda.anaconda.org/conda-forge/osx-arm64/libexpat-2.7.0-h286801f_0.conda
      - conda: https://conda.anaconda.org/conda-forge/osx-arm64/libffi-3.4.6-h1da3d7d_1.conda
      - conda: https://conda.anaconda.org/conda-forge/osx-arm64/liblzma-5.8.1-h39f12f2_2.conda
      - conda: https://conda.anaconda.org/conda-forge/osx-arm64/libmpdec-4.0.0-h5505292_0.conda
      - conda: https://conda.anaconda.org/conda-forge/osx-arm64/libsqlite-3.50.1-h6fb428d_7.conda
      - conda: https://conda.anaconda.org/conda-forge/osx-arm64/libzlib-1.3.1-h8359307_2.conda
      - conda: https://conda.anaconda.org/conda-forge/osx-arm64/ncurses-6.5-h5e97a16_3.conda
      - conda: https://conda.anaconda.org/conda-forge/osx-arm64/openssl-3.5.0-h81ee809_1.conda
      - conda: https://conda.anaconda.org/conda-forge/osx-arm64/python-3.13.5-hf3f3da0_102_cp313.conda
      - conda: https://conda.anaconda.org/conda-forge/noarch/python_abi-3.13-7_cp313.conda
      - conda: https://conda.anaconda.org/conda-forge/osx-arm64/readline-8.2-h1d1bf99_2.conda
      - conda: https://conda.anaconda.org/conda-forge/osx-arm64/tk-8.6.13-h892fb3f_2.conda
      - conda: https://conda.anaconda.org/conda-forge/noarch/tzdata-2025b-h78e105d_0.conda
      - pypi: https://files.pythonhosted.org/packages/78/b6/6307fbef88d9b5ee7421e68d78a9f162e0da4900bc5f5793f6d3d0e34fb8/annotated_types-0.7.0-py3-none-any.whl
      - pypi: https://files.pythonhosted.org/packages/a1/ee/48ca1a7c89ffec8b6a0c5d02b89c305671d5ffd8d3c94acf8b8c408575bb/anyio-4.9.0-py3-none-any.whl
      - pypi: https://files.pythonhosted.org/packages/77/06/bb80f5f86020c4551da315d78b3ab75e8228f89f0162f2c3a819e407941a/attrs-25.3.0-py3-none-any.whl
      - pypi: https://files.pythonhosted.org/packages/84/ae/320161bd181fc06471eed047ecce67b693fd7515b16d495d8932db763426/certifi-2025.6.15-py3-none-any.whl
      - pypi: https://files.pythonhosted.org/packages/85/32/10bb5764d90a8eee674e9dc6f4db6a0ab47c8c4d0d83c27f7c39ac415a4d/click-8.2.1-py3-none-any.whl
      - pypi: https://files.pythonhosted.org/packages/04/4b/29cac41a4d98d144bf5f6d33995617b185d14b22401f75ca86f384e87ff1/h11-0.16.0-py3-none-any.whl
      - pypi: https://files.pythonhosted.org/packages/7e/f5/f66802a942d491edb555dd61e3a9961140fd64c90bce1eafd741609d334d/httpcore-1.0.9-py3-none-any.whl
      - pypi: https://files.pythonhosted.org/packages/2a/39/e50c7c3a983047577ee07d2a9e53faf5a69493943ec3f6a384bdc792deb2/httpx-0.28.1-py3-none-any.whl
      - pypi: https://files.pythonhosted.org/packages/25/0a/6269e3473b09aed2dab8aa1a600c70f31f00ae1349bee30658f7e358a159/httpx_sse-0.4.1-py3-none-any.whl
      - pypi: https://files.pythonhosted.org/packages/76/c6/c88e154df9c4e1a2a66ccf0005a88dfb2650c1dffb6f5ce603dfbd452ce3/idna-3.10-py3-none-any.whl
      - pypi: https://files.pythonhosted.org/packages/a2/3d/023389198f69c722d039351050738d6755376c8fd343e91dc493ea485905/jsonschema-4.24.0-py3-none-any.whl
      - pypi: https://files.pythonhosted.org/packages/01/0e/b27cdbaccf30b890c40ed1da9fd4a3593a5cf94dae54fb34f8a4b74fcd3f/jsonschema_specifications-2025.4.1-py3-none-any.whl
      - pypi: https://files.pythonhosted.org/packages/d7/3f/435a5b3d10ae242a9d6c2b33175551173c3c61fe637dc893be05c4ed0aaf/mcp-1.10.1-py3-none-any.whl
      - pypi: https://files.pythonhosted.org/packages/6a/c0/ec2b1c8712ca690e5d61979dee872603e92b8a32f94cc1b72d53beab008a/pydantic-2.11.7-py3-none-any.whl
      - pypi: https://files.pythonhosted.org/packages/3a/cc/5999d1eb705a6cefc31f0b4a90e9f7fc400539b1a1030529700cc1b51838/pydantic_core-2.33.2-cp313-cp313-macosx_11_0_arm64.whl
      - pypi: https://files.pythonhosted.org/packages/58/f0/427018098906416f580e3cf1366d3b1abfb408a0652e9f31600c24a1903c/pydantic_settings-2.10.1-py3-none-any.whl
      - pypi: https://files.pythonhosted.org/packages/5f/ed/539768cf28c661b5b068d66d96a2f155c4971a5d55684a514c1a0e0dec2f/python_dotenv-1.1.1-py3-none-any.whl
      - pypi: https://files.pythonhosted.org/packages/45/58/38b5afbc1a800eeea951b9285d3912613f2603bdf897a4ab0f4bd7f405fc/python_multipart-0.0.20-py3-none-any.whl
      - pypi: https://files.pythonhosted.org/packages/c1/b1/3baf80dc6d2b7bc27a95a67752d0208e410351e3feb4eb78de5f77454d8d/referencing-0.36.2-py3-none-any.whl
      - pypi: https://files.pythonhosted.org/packages/1f/b4/4d3820f731c80fd0cd823b3e95b9963fec681ae45ba35b5281a42382c67d/rpds_py-0.25.1-cp313-cp313-macosx_11_0_arm64.whl
      - pypi: https://files.pythonhosted.org/packages/e9/44/75a9c9421471a6c4805dbf2356f7c181a29c1879239abab1ea2cc8f38b40/sniffio-1.3.1-py3-none-any.whl
      - pypi: https://files.pythonhosted.org/packages/81/05/78850ac6e79af5b9508f8841b0f26aa9fd329a1ba00bf65453c2d312bcc8/sse_starlette-2.3.6-py3-none-any.whl
      - pypi: https://files.pythonhosted.org/packages/82/95/38ef0cd7fa11eaba6a99b3c4f5ac948d8bc6ff199aabd327a29cc000840c/starlette-0.47.1-py3-none-any.whl
      - pypi: https://files.pythonhosted.org/packages/69/e0/552843e0d356fbb5256d21449fa957fa4eff3bbc135a74a691ee70c7c5da/typing_extensions-4.14.0-py3-none-any.whl
      - pypi: https://files.pythonhosted.org/packages/17/69/cd203477f944c353c31bade965f880aa1061fd6bf05ded0726ca845b6ff7/typing_inspection-0.4.1-py3-none-any.whl
      - pypi: https://files.pythonhosted.org/packages/6d/0d/8adfeaa62945f90d19ddc461c55f4a50c258af7662d34b6a3d5d1f8646f6/uvicorn-0.34.3-py3-none-any.whl
packages:
- pypi: https://files.pythonhosted.org/packages/78/b6/6307fbef88d9b5ee7421e68d78a9f162e0da4900bc5f5793f6d3d0e34fb8/annotated_types-0.7.0-py3-none-any.whl
  name: annotated-types
  version: 0.7.0
  sha256: 1f02e8b43a8fbbc3f3e0d4f0f4bfc8131bcb4eebe8849b8e5c773f3a1c582a53
  requires_dist:
  - typing-extensions>=4.0.0 ; python_full_version < '3.9'
  requires_python: '>=3.8'
- pypi: https://files.pythonhosted.org/packages/a1/ee/48ca1a7c89ffec8b6a0c5d02b89c305671d5ffd8d3c94acf8b8c408575bb/anyio-4.9.0-py3-none-any.whl
  name: anyio
  version: 4.9.0
  sha256: 9f76d541cad6e36af7beb62e978876f3b41e3e04f2c1fbf0884604c0a9c4d93c
  requires_dist:
  - exceptiongroup>=1.0.2 ; python_full_version < '3.11'
  - idna>=2.8
  - sniffio>=1.1
  - typing-extensions>=4.5 ; python_full_version < '3.13'
  - trio>=0.26.1 ; extra == 'trio'
  - anyio[trio] ; extra == 'test'
  - blockbuster>=1.5.23 ; extra == 'test'
  - coverage[toml]>=7 ; extra == 'test'
  - exceptiongroup>=1.2.0 ; extra == 'test'
  - hypothesis>=4.0 ; extra == 'test'
  - psutil>=5.9 ; extra == 'test'
  - pytest>=7.0 ; extra == 'test'
  - trustme ; extra == 'test'
  - truststore>=0.9.1 ; python_full_version >= '3.10' and extra == 'test'
  - uvloop>=0.21 ; python_full_version < '3.14' and platform_python_implementation == 'CPython' and platform_system != 'Windows' and extra == 'test'
  - packaging ; extra == 'doc'
  - sphinx~=8.2 ; extra == 'doc'
  - sphinx-rtd-theme ; extra == 'doc'
  - sphinx-autodoc-typehints>=1.2.0 ; extra == 'doc'
  requires_python: '>=3.9'
- pypi: https://files.pythonhosted.org/packages/77/06/bb80f5f86020c4551da315d78b3ab75e8228f89f0162f2c3a819e407941a/attrs-25.3.0-py3-none-any.whl
  name: attrs
  version: 25.3.0
  sha256: 427318ce031701fea540783410126f03899a97ffc6f61596ad581ac2e40e3bc3
  requires_dist:
  - cloudpickle ; platform_python_implementation == 'CPython' and extra == 'benchmark'
  - hypothesis ; extra == 'benchmark'
  - mypy>=1.11.1 ; python_full_version >= '3.10' and platform_python_implementation == 'CPython' and extra == 'benchmark'
  - pympler ; extra == 'benchmark'
  - pytest-codspeed ; extra == 'benchmark'
  - pytest-mypy-plugins ; python_full_version >= '3.10' and platform_python_implementation == 'CPython' and extra == 'benchmark'
  - pytest-xdist[psutil] ; extra == 'benchmark'
  - pytest>=4.3.0 ; extra == 'benchmark'
  - cloudpickle ; platform_python_implementation == 'CPython' and extra == 'cov'
  - coverage[toml]>=5.3 ; extra == 'cov'
  - hypothesis ; extra == 'cov'
  - mypy>=1.11.1 ; python_full_version >= '3.10' and platform_python_implementation == 'CPython' and extra == 'cov'
  - pympler ; extra == 'cov'
  - pytest-mypy-plugins ; python_full_version >= '3.10' and platform_python_implementation == 'CPython' and extra == 'cov'
  - pytest-xdist[psutil] ; extra == 'cov'
  - pytest>=4.3.0 ; extra == 'cov'
  - cloudpickle ; platform_python_implementation == 'CPython' and extra == 'dev'
  - hypothesis ; extra == 'dev'
  - mypy>=1.11.1 ; python_full_version >= '3.10' and platform_python_implementation == 'CPython' and extra == 'dev'
  - pre-commit-uv ; extra == 'dev'
  - pympler ; extra == 'dev'
  - pytest-mypy-plugins ; python_full_version >= '3.10' and platform_python_implementation == 'CPython' and extra == 'dev'
  - pytest-xdist[psutil] ; extra == 'dev'
  - pytest>=4.3.0 ; extra == 'dev'
  - cogapp ; extra == 'docs'
  - furo ; extra == 'docs'
  - myst-parser ; extra == 'docs'
  - sphinx ; extra == 'docs'
  - sphinx-notfound-page ; extra == 'docs'
  - sphinxcontrib-towncrier ; extra == 'docs'
  - towncrier ; extra == 'docs'
  - cloudpickle ; platform_python_implementation == 'CPython' and extra == 'tests'
  - hypothesis ; extra == 'tests'
  - mypy>=1.11.1 ; python_full_version >= '3.10' and platform_python_implementation == 'CPython' and extra == 'tests'
  - pympler ; extra == 'tests'
  - pytest-mypy-plugins ; python_full_version >= '3.10' and platform_python_implementation == 'CPython' and extra == 'tests'
  - pytest-xdist[psutil] ; extra == 'tests'
  - pytest>=4.3.0 ; extra == 'tests'
  - mypy>=1.11.1 ; python_full_version >= '3.10' and platform_python_implementation == 'CPython' and extra == 'tests-mypy'
  - pytest-mypy-plugins ; python_full_version >= '3.10' and platform_python_implementation == 'CPython' and extra == 'tests-mypy'
  requires_python: '>=3.8'
- conda: https://conda.anaconda.org/conda-forge/osx-arm64/bzip2-1.0.8-h99b78c6_7.conda
  sha256: adfa71f158cbd872a36394c56c3568e6034aa55c623634b37a4836bd036e6b91
  md5: fc6948412dbbbe9a4c9ddbbcfe0a79ab
  depends:
  - __osx >=11.0
  license: bzip2-1.0.6
  license_family: BSD
  purls: []
  size: 122909
  timestamp: 1720974522888
- conda: https://conda.anaconda.org/conda-forge/noarch/ca-certificates-2025.6.15-hbd8a1cb_0.conda
  sha256: 7cfec9804c84844ea544d98bda1d9121672b66ff7149141b8415ca42dfcd44f6
  md5: 72525f07d72806e3b639ad4504c30ce5
  depends:
  - __unix
  license: ISC
  purls: []
  size: 151069
  timestamp: 1749990087500
- pypi: https://files.pythonhosted.org/packages/84/ae/320161bd181fc06471eed047ecce67b693fd7515b16d495d8932db763426/certifi-2025.6.15-py3-none-any.whl
  name: certifi
  version: 2025.6.15
  sha256: 2e0c7ce7cb5d8f8634ca55d2ba7e6ec2689a2fd6537d8dec1296a477a4910057
  requires_python: '>=3.7'
- pypi: https://files.pythonhosted.org/packages/85/32/10bb5764d90a8eee674e9dc6f4db6a0ab47c8c4d0d83c27f7c39ac415a4d/click-8.2.1-py3-none-any.whl
  name: click
  version: 8.2.1
  sha256: 61a3265b914e850b85317d0b3109c7f8cd35a670f963866005d6ef1d5175a12b
  requires_dist:
  - colorama ; platform_system == 'Windows'
  requires_python: '>=3.10'
- pypi: https://files.pythonhosted.org/packages/04/4b/29cac41a4d98d144bf5f6d33995617b185d14b22401f75ca86f384e87ff1/h11-0.16.0-py3-none-any.whl
  name: h11
  version: 0.16.0
  sha256: 63cf8bbe7522de3bf65932fda1d9c2772064ffb3dae62d55932da54b31cb6c86
  requires_python: '>=3.8'
- pypi: https://files.pythonhosted.org/packages/7e/f5/f66802a942d491edb555dd61e3a9961140fd64c90bce1eafd741609d334d/httpcore-1.0.9-py3-none-any.whl
  name: httpcore
  version: 1.0.9
  sha256: 2d400746a40668fc9dec9810239072b40b4484b640a8c38fd654a024c7a1bf55
  requires_dist:
  - certifi
  - h11>=0.16
  - anyio>=4.0,<5.0 ; extra == 'asyncio'
  - h2>=3,<5 ; extra == 'http2'
  - socksio==1.* ; extra == 'socks'
  - trio>=0.22.0,<1.0 ; extra == 'trio'
  requires_python: '>=3.8'
- pypi: https://files.pythonhosted.org/packages/2a/39/e50c7c3a983047577ee07d2a9e53faf5a69493943ec3f6a384bdc792deb2/httpx-0.28.1-py3-none-any.whl
  name: httpx
  version: 0.28.1
  sha256: d909fcccc110f8c7faf814ca82a9a4d816bc5a6dbfea25d6591d6985b8ba59ad
  requires_dist:
  - anyio
  - certifi
  - httpcore==1.*
  - idna
  - brotli ; platform_python_implementation == 'CPython' and extra == 'brotli'
  - brotlicffi ; platform_python_implementation != 'CPython' and extra == 'brotli'
  - click==8.* ; extra == 'cli'
  - pygments==2.* ; extra == 'cli'
  - rich>=10,<14 ; extra == 'cli'
  - h2>=3,<5 ; extra == 'http2'
  - socksio==1.* ; extra == 'socks'
  - zstandard>=0.18.0 ; extra == 'zstd'
  requires_python: '>=3.8'
- pypi: https://files.pythonhosted.org/packages/25/0a/6269e3473b09aed2dab8aa1a600c70f31f00ae1349bee30658f7e358a159/httpx_sse-0.4.1-py3-none-any.whl
  name: httpx-sse
  version: 0.4.1
  sha256: cba42174344c3a5b06f255ce65b350880f962d99ead85e776f23c6618a377a37
  requires_python: '>=3.9'
- pypi: https://files.pythonhosted.org/packages/76/c6/c88e154df9c4e1a2a66ccf0005a88dfb2650c1dffb6f5ce603dfbd452ce3/idna-3.10-py3-none-any.whl
  name: idna
  version: '3.10'
  sha256: 946d195a0d259cbba61165e88e65941f16e9b36ea6ddb97f00452bae8b1287d3
  requires_dist:
  - ruff>=0.6.2 ; extra == 'all'
  - mypy>=1.11.2 ; extra == 'all'
  - pytest>=8.3.2 ; extra == 'all'
  - flake8>=7.1.1 ; extra == 'all'
  requires_python: '>=3.6'
- pypi: https://files.pythonhosted.org/packages/a2/3d/023389198f69c722d039351050738d6755376c8fd343e91dc493ea485905/jsonschema-4.24.0-py3-none-any.whl
  name: jsonschema
  version: 4.24.0
  sha256: a462455f19f5faf404a7902952b6f0e3ce868f3ee09a359b05eca6673bd8412d
  requires_dist:
  - attrs>=22.2.0
  - importlib-resources>=1.4.0 ; python_full_version < '3.9'
  - jsonschema-specifications>=2023.3.6
  - pkgutil-resolve-name>=1.3.10 ; python_full_version < '3.9'
  - referencing>=0.28.4
  - rpds-py>=0.7.1
  - fqdn ; extra == 'format'
  - idna ; extra == 'format'
  - isoduration ; extra == 'format'
  - jsonpointer>1.13 ; extra == 'format'
  - rfc3339-validator ; extra == 'format'
  - rfc3987 ; extra == 'format'
  - uri-template ; extra == 'format'
  - webcolors>=1.11 ; extra == 'format'
  - fqdn ; extra == 'format-nongpl'
  - idna ; extra == 'format-nongpl'
  - isoduration ; extra == 'format-nongpl'
  - jsonpointer>1.13 ; extra == 'format-nongpl'
  - rfc3339-validator ; extra == 'format-nongpl'
  - rfc3986-validator>0.1.0 ; extra == 'format-nongpl'
  - uri-template ; extra == 'format-nongpl'
  - webcolors>=24.6.0 ; extra == 'format-nongpl'
  requires_python: '>=3.9'
- pypi: https://files.pythonhosted.org/packages/01/0e/b27cdbaccf30b890c40ed1da9fd4a3593a5cf94dae54fb34f8a4b74fcd3f/jsonschema_specifications-2025.4.1-py3-none-any.whl
  name: jsonschema-specifications
  version: 2025.4.1
  sha256: 4653bffbd6584f7de83a67e0d620ef16900b390ddc7939d56684d6c81e33f1af
  requires_dist:
  - referencing>=0.31.0
  requires_python: '>=3.9'
- conda: https://conda.anaconda.org/conda-forge/osx-arm64/libexpat-2.7.0-h286801f_0.conda
  sha256: ee550e44765a7bbcb2a0216c063dcd53ac914a7be5386dd0554bd06e6be61840
  md5: 6934bbb74380e045741eb8637641a65b
  depends:
  - __osx >=11.0
  constrains:
  - expat 2.7.0.*
  license: MIT
  license_family: MIT
  purls: []
  size: 65714
  timestamp: 1743431789879
- conda: https://conda.anaconda.org/conda-forge/osx-arm64/libffi-3.4.6-h1da3d7d_1.conda
  sha256: c6a530924a9b14e193ea9adfe92843de2a806d1b7dbfd341546ece9653129e60
  md5: c215a60c2935b517dcda8cad4705734d
  depends:
  - __osx >=11.0
  license: MIT
  license_family: MIT
  purls: []
  size: 39839
  timestamp: 1743434670405
- conda: https://conda.anaconda.org/conda-forge/osx-arm64/liblzma-5.8.1-h39f12f2_2.conda
  sha256: 0cb92a9e026e7bd4842f410a5c5c665c89b2eb97794ffddba519a626b8ce7285
  md5: d6df911d4564d77c4374b02552cb17d1
  depends:
  - __osx >=11.0
  constrains:
  - xz 5.8.1.*
  license: 0BSD
  purls: []
  size: 92286
  timestamp: 1749230283517
- conda: https://conda.anaconda.org/conda-forge/osx-arm64/libmpdec-4.0.0-h5505292_0.conda
  sha256: 0a1875fc1642324ebd6c4ac864604f3f18f57fbcf558a8264f6ced028a3c75b2
  md5: 85ccccb47823dd9f7a99d2c7f530342f
  depends:
  - __osx >=11.0
  license: BSD-2-Clause
  license_family: BSD
  purls: []
  size: 71829
  timestamp: 1748393749336
- conda: https://conda.anaconda.org/conda-forge/osx-arm64/libsqlite-3.50.1-h6fb428d_7.conda
  sha256: a007d6aa37586d3a71ff9503e6ec70baac64fc40241c668a39581399502940ec
  md5: b351c3e11d75aab0b8145de530afbe58
  depends:
  - __osx >=11.0
  - libzlib >=1.3.1,<2.0a0
  license: Unlicense
  purls: []
  size: 902114
  timestamp: 1750925723817
- conda: https://conda.anaconda.org/conda-forge/osx-arm64/libzlib-1.3.1-h8359307_2.conda
  sha256: ce34669eadaba351cd54910743e6a2261b67009624dbc7daeeafdef93616711b
  md5: 369964e85dc26bfe78f41399b366c435
  depends:
  - __osx >=11.0
  constrains:
  - zlib 1.3.1 *_2
  license: Zlib
  license_family: Other
  purls: []
  size: 46438
  timestamp: 1727963202283
- pypi: https://files.pythonhosted.org/packages/d7/3f/435a5b3d10ae242a9d6c2b33175551173c3c61fe637dc893be05c4ed0aaf/mcp-1.10.1-py3-none-any.whl
  name: mcp
  version: 1.10.1
  sha256: 4d08301aefe906dce0fa482289db55ce1db831e3e67212e65b5e23ad8454b3c5
  requires_dist:
  - anyio>=4.5
  - httpx-sse>=0.4
  - httpx>=0.27
  - jsonschema>=4.20.0
  - pydantic-settings>=2.5.2
  - pydantic>=2.7.2,<3.0.0
  - python-multipart>=0.0.9
  - sse-starlette>=1.6.1
  - starlette>=0.27
  - uvicorn>=0.23.1 ; sys_platform != 'emscripten'
  - python-dotenv>=1.0.0 ; extra == 'cli'
  - typer>=0.12.4 ; extra == 'cli'
  - rich>=13.9.4 ; extra == 'rich'
  - websockets>=15.0.1 ; extra == 'ws'
  requires_python: '>=3.10'
- conda: https://conda.anaconda.org/conda-forge/osx-arm64/ncurses-6.5-h5e97a16_3.conda
  sha256: 2827ada40e8d9ca69a153a45f7fd14f32b2ead7045d3bbb5d10964898fe65733
  md5: 068d497125e4bf8a66bf707254fff5ae
  depends:
  - __osx >=11.0
  license: X11 AND BSD-3-Clause
  purls: []
  size: 797030
  timestamp: 1738196177597
- conda: https://conda.anaconda.org/conda-forge/osx-arm64/openssl-3.5.0-h81ee809_1.conda
  sha256: 73d366c1597a10bcd5f3604b5f0734b31c23225536e03782c6a13f9be9d01bff
  md5: 5c7aef00ef60738a14e0e612cfc5bcde
  depends:
  - __osx >=11.0
  - ca-certificates
  license: Apache-2.0
  license_family: Apache
  purls: []
  size: 3064197
  timestamp: 1746223530698
- pypi: https://files.pythonhosted.org/packages/6a/c0/ec2b1c8712ca690e5d61979dee872603e92b8a32f94cc1b72d53beab008a/pydantic-2.11.7-py3-none-any.whl
  name: pydantic
  version: 2.11.7
  sha256: dde5df002701f6de26248661f6835bbe296a47bf73990135c7d07ce741b9623b
  requires_dist:
  - annotated-types>=0.6.0
  - pydantic-core==2.33.2
  - typing-extensions>=4.12.2
  - typing-inspection>=0.4.0
  - email-validator>=2.0.0 ; extra == 'email'
  - tzdata ; python_full_version >= '3.9' and platform_system == 'Windows' and extra == 'timezone'
  requires_python: '>=3.9'
- pypi: https://files.pythonhosted.org/packages/3a/cc/5999d1eb705a6cefc31f0b4a90e9f7fc400539b1a1030529700cc1b51838/pydantic_core-2.33.2-cp313-cp313-macosx_11_0_arm64.whl
  name: pydantic-core
  version: 2.33.2
  sha256: f517ca031dfc037a9c07e748cefd8d96235088b83b4f4ba8939105d20fa1dcd6
  requires_dist:
  - typing-extensions>=4.6.0,!=4.7.0
  requires_python: '>=3.9'
- pypi: https://files.pythonhosted.org/packages/58/f0/427018098906416f580e3cf1366d3b1abfb408a0652e9f31600c24a1903c/pydantic_settings-2.10.1-py3-none-any.whl
  name: pydantic-settings
  version: 2.10.1
  sha256: a60952460b99cf661dc25c29c0ef171721f98bfcb52ef8d9ea4c943d7c8cc796
  requires_dist:
  - pydantic>=2.7.0
  - python-dotenv>=0.21.0
  - typing-inspection>=0.4.0
  - boto3-stubs[secretsmanager] ; extra == 'aws-secrets-manager'
  - boto3>=1.35.0 ; extra == 'aws-secrets-manager'
  - azure-identity>=1.16.0 ; extra == 'azure-key-vault'
  - azure-keyvault-secrets>=4.8.0 ; extra == 'azure-key-vault'
  - google-cloud-secret-manager>=2.23.1 ; extra == 'gcp-secret-manager'
  - tomli>=2.0.1 ; extra == 'toml'
  - pyyaml>=6.0.1 ; extra == 'yaml'
  requires_python: '>=3.9'
- conda: https://conda.anaconda.org/conda-forge/osx-arm64/python-3.13.5-hf3f3da0_102_cp313.conda
  build_number: 102
  sha256: ee1b09fb5563be8509bb9b29b2b436a0af75488b5f1fa6bcd93fe0fba597d13f
  md5: 123b7f04e7b8d6fc206cf2d3466f8a4b
  depends:
  - __osx >=11.0
  - bzip2 >=1.0.8,<2.0a0
  - libexpat >=2.7.0,<3.0a0
  - libffi >=3.4.6,<3.5.0a0
  - liblzma >=5.8.1,<6.0a0
  - libmpdec >=4.0.0,<5.0a0
  - libsqlite >=3.50.1,<4.0a0
  - libzlib >=1.3.1,<2.0a0
  - ncurses >=6.5,<7.0a0
  - openssl >=3.5.0,<4.0a0
  - python_abi 3.13.* *_cp313
  - readline >=8.2,<9.0a0
  - tk >=8.6.13,<8.7.0a0
  - tzdata
  license: Python-2.0
  purls: []
  size: 12931515
  timestamp: 1750062475020
  python_site_packages_path: lib/python3.13/site-packages
- pypi: https://files.pythonhosted.org/packages/5f/ed/539768cf28c661b5b068d66d96a2f155c4971a5d55684a514c1a0e0dec2f/python_dotenv-1.1.1-py3-none-any.whl
  name: python-dotenv
  version: 1.1.1
  sha256: 31f23644fe2602f88ff55e1f5c79ba497e01224ee7737937930c448e4d0e24dc
  requires_dist:
  - click>=5.0 ; extra == 'cli'
  requires_python: '>=3.9'
- pypi: https://files.pythonhosted.org/packages/45/58/38b5afbc1a800eeea951b9285d3912613f2603bdf897a4ab0f4bd7f405fc/python_multipart-0.0.20-py3-none-any.whl
  name: python-multipart
  version: 0.0.20
  sha256: 8a62d3a8335e06589fe01f2a3e178cdcc632f3fbe0d492ad9ee0ec35aab1f104
  requires_python: '>=3.8'
- conda: https://conda.anaconda.org/conda-forge/noarch/python_abi-3.13-7_cp313.conda
  build_number: 7
  sha256: 0595134584589064f56e67d3de1d8fcbb673a972946bce25fb593fb092fdcd97
  md5: e84b44e6300f1703cb25d29120c5b1d8
  constrains:
  - python 3.13.* *_cp313
  license: BSD-3-Clause
  license_family: BSD
  purls: []
  size: 6988
  timestamp: 1745258852285
- conda: https://conda.anaconda.org/conda-forge/osx-arm64/readline-8.2-h1d1bf99_2.conda
  sha256: 7db04684d3904f6151eff8673270922d31da1eea7fa73254d01c437f49702e34
  md5: 63ef3f6e6d6d5c589e64f11263dc5676
  depends:
  - ncurses >=6.5,<7.0a0
  license: GPL-3.0-only
  license_family: GPL
  purls: []
  size: 252359
  timestamp: 1740379663071
- pypi: https://files.pythonhosted.org/packages/c1/b1/3baf80dc6d2b7bc27a95a67752d0208e410351e3feb4eb78de5f77454d8d/referencing-0.36.2-py3-none-any.whl
  name: referencing
  version: 0.36.2
  sha256: e8699adbbf8b5c7de96d8ffa0eb5c158b3beafce084968e2ea8bb08c6794dcd0
  requires_dist:
  - attrs>=22.2.0
  - rpds-py>=0.7.0
  - typing-extensions>=4.4.0 ; python_full_version < '3.13'
  requires_python: '>=3.9'
- pypi: https://files.pythonhosted.org/packages/1f/b4/4d3820f731c80fd0cd823b3e95b9963fec681ae45ba35b5281a42382c67d/rpds_py-0.25.1-cp313-cp313-macosx_11_0_arm64.whl
  name: rpds-py
  version: 0.25.1
  sha256: 68f6f060f0bbdfb0245267da014d3a6da9be127fe3e8cc4a68c6f833f8a23bb1
  requires_python: '>=3.9'
- pypi: https://files.pythonhosted.org/packages/e9/44/75a9c9421471a6c4805dbf2356f7c181a29c1879239abab1ea2cc8f38b40/sniffio-1.3.1-py3-none-any.whl
  name: sniffio
  version: 1.3.1
  sha256: 2f6da418d1f1e0fddd844478f41680e794e6051915791a034ff65e5f100525a2
  requires_python: '>=3.7'
- pypi: https://files.pythonhosted.org/packages/81/05/78850ac6e79af5b9508f8841b0f26aa9fd329a1ba00bf65453c2d312bcc8/sse_starlette-2.3.6-py3-none-any.whl
  name: sse-starlette
  version: 2.3.6
  sha256: d49a8285b182f6e2228e2609c350398b2ca2c36216c2675d875f81e93548f760
  requires_dist:
  - anyio>=4.7.0
  - uvicorn>=0.34.0 ; extra == 'examples'
  - fastapi>=0.115.12 ; extra == 'examples'
  - sqlalchemy[asyncio,examples]>=2.0.41 ; extra == 'examples'
  - starlette>=0.41.3 ; extra == 'examples'
  - aiosqlite>=0.21.0 ; extra == 'examples'
  - uvicorn>=0.34.0 ; extra == 'uvicorn'
  - granian>=2.3.1 ; extra == 'granian'
  - daphne>=4.2.0 ; extra == 'daphne'
  requires_python: '>=3.9'
- pypi: https://files.pythonhosted.org/packages/82/95/38ef0cd7fa11eaba6a99b3c4f5ac948d8bc6ff199aabd327a29cc000840c/starlette-0.47.1-py3-none-any.whl
  name: starlette
  version: 0.47.1
  sha256: 5e11c9f5c7c3f24959edbf2dffdc01bba860228acf657129467d8a7468591527
  requires_dist:
  - anyio>=3.6.2,<5
  - typing-extensions>=4.10.0 ; python_full_version < '3.13'
  - httpx>=0.27.0,<0.29.0 ; extra == 'full'
  - itsdangerous ; extra == 'full'
  - jinja2 ; extra == 'full'
  - python-multipart>=0.0.18 ; extra == 'full'
  - pyyaml ; extra == 'full'
  requires_python: '>=3.9'
- conda: https://conda.anaconda.org/conda-forge/osx-arm64/tk-8.6.13-h892fb3f_2.conda
  sha256: cb86c522576fa95c6db4c878849af0bccfd3264daf0cc40dd18e7f4a7bfced0e
  md5: 7362396c170252e7b7b0c8fb37fe9c78
  depends:
  - __osx >=11.0
  - libzlib >=1.3.1,<2.0a0
  license: TCL
  license_family: BSD
  purls: []
  size: 3125538
  timestamp: 1748388189063
- pypi: https://files.pythonhosted.org/packages/69/e0/552843e0d356fbb5256d21449fa957fa4eff3bbc135a74a691ee70c7c5da/typing_extensions-4.14.0-py3-none-any.whl
  name: typing-extensions
  version: 4.14.0
  sha256: a1514509136dd0b477638fc68d6a91497af5076466ad0fa6c338e44e359944af
  requires_python: '>=3.9'
- pypi: https://files.pythonhosted.org/packages/17/69/cd203477f944c353c31bade965f880aa1061fd6bf05ded0726ca845b6ff7/typing_inspection-0.4.1-py3-none-any.whl
  name: typing-inspection
  version: 0.4.1
  sha256: 389055682238f53b04f7badcb49b989835495a96700ced5dab2d8feae4b26f51
  requires_dist:
  - typing-extensions>=4.12.0
  requires_python: '>=3.9'
- conda: https://conda.anaconda.org/conda-forge/noarch/tzdata-2025b-h78e105d_0.conda
  sha256: 5aaa366385d716557e365f0a4e9c3fca43ba196872abbbe3d56bb610d131e192
  md5: 4222072737ccff51314b5ece9c7d6f5a
  license: LicenseRef-Public-Domain
  purls: []
  size: 122968
  timestamp: 1742727099393
- pypi: https://files.pythonhosted.org/packages/6d/0d/8adfeaa62945f90d19ddc461c55f4a50c258af7662d34b6a3d5d1f8646f6/uvicorn-0.34.3-py3-none-any.whl
  name: uvicorn
  version: 0.34.3
  sha256: 16246631db62bdfbf069b0645177d6e8a77ba950cfedbfd093acef9444e4d885
  requires_dist:
  - click>=7.0
  - h11>=0.8
  - typing-extensions>=4.0 ; python_full_version < '3.11'
  - colorama>=0.4 ; sys_platform == 'win32' and extra == 'standard'
  - httptools>=0.6.3 ; extra == 'standard'
  - python-dotenv>=0.13 ; extra == 'standard'
  - pyyaml>=5.1 ; extra == 'standard'
  - uvloop>=0.15.1 ; platform_python_implementation != 'PyPy' and sys_platform != 'cygwin' and sys_platform != 'win32' and extra == 'standard'
  - watchfiles>=0.13 ; extra == 'standard'
  - websockets>=10.4 ; extra == 'standard'
  requires_python: '>=3.9'
